# This file was autogenerated by Stack.
# You should not edit this file by hand.
# For more information, please see the documentation at:
#   https://docs.haskellstack.org/en/stable/lock_files

packages:
- completed:
    hackage: containers-0.6.8@sha256:bb2bec1bbc6b39a7c97cd95e056a5698ec45beb5d8feb6caae12af64e4bd823c,2670
    pantry-tree:
      sha256: 62d0b7f21a9f298867bbf0acae201d1fe4e32d309b4085a52c037eb551852811
      size: 2954
  original:
    hackage: containers-0.6.8
- completed:
    hackage: binary-0.8.9.2@sha256:03381e511429c44d13990c6d76281c4fc2468371cede4fe684b0c98d9b7d5f5a,6611
    pantry-tree:
      sha256: 7fac13c81b45416bd082c34e31cc3ac19226dd15354f379156922ad4cfbe6285
      size: 1976
  original:
    hackage: binary-0.8.9.2@sha256:03381e511429c44d13990c6d76281c4fc2468371cede4fe684b0c98d9b7d5f5a,6611
- completed:
    hackage: parsec-3.1.17.0@sha256:8407cbd428d7f640a0fff8891bd2f7aca13cebe70a5e654856f8abec9a648b56,5149
    pantry-tree:
      sha256: 0922d72bd7115bbb590757bd92a827021dfe745ed6c0cd22856f767bee83d91f
      size: 2810
  original:
    hackage: parsec-3.1.17.0@sha256:8407cbd428d7f640a0fff8891bd2f7aca13cebe70a5e654856f8abec9a648b56,5149
- completed:
    hackage: text-1.2.5.0@sha256:92ea31d8b356b7fd62ac862b871dc1e134bd5db462d798313babf6aa6f69aca8,8180
    pantry-tree:
      sha256: 276acbbe2721afc580263cc387f15ce3266426b91e0440084a1b2ebf1838e10f
      size: 7395
  original:
    hackage: text-1.2.5.0@sha256:92ea31d8b356b7fd62ac862b871dc1e134bd5db462d798313babf6aa6f69aca8,8180
snapshots:
- completed:
    sha256: 428ec8d5ce932190d3cbe266b9eb3c175cd81e984babf876b64019e2cbe4ea68
    size: 590100
    url: https://raw.githubusercontent.com/commercialhaskell/stackage-snapshots/master/lts/18/28.yaml
  original: lts-18.28
